{
  "name": "ts_in_js_demo",
  "version": "1.0.0",
  "lockfileVersion": 1,
  "requires": true,
  "dependencies": {
    "@types/anymatch": {
      "version": "1.3.1",
      "resolved": "https://registry.npm.taobao.org/@types/anymatch/download/@types/anymatch-1.3.1.tgz?cache=0&other_urls=https%3A%2F%2Fregistry.npm.taobao.org%2F%40types%2Fanymatch%2Fdownload%2F%40types%2Fanymatch-1.3.1.tgz",
      "integrity": "sha1-M2utwb7sudrMOL6izzKt9ieoQho=",
      "dev": true
    },
    "@types/node": {
      "version": "12.12.21",
      "resolved": "https://registry.npm.taobao.org/@types/node/download/@types/node-12.12.21.tgz",
      "integrity": "sha1-qkSmNjKRxwNxEcR+RmGtIQre0j8=",
      "dev": true
    },
    "@types/source-list-map": {
      "version": "0.1.2",
      "resolved": "https://registry.npm.taobao.org/@types/source-list-map/download/@types/source-list-map-0.1.2.tgz",
      "integrity": "sha1-AHiDYGP/rxdBI0m7o2QIfgrALsk=",
      "dev": true
    },
    "@types/tapable": {
      "version": "1.0.4",
      "resolved": "https://registry.npm.taobao.org/@types/tapable/download/@types/tapable-1.0.4.tgz",
      "integrity": "sha1-tP/H3Je0mMlps2CkHu4kf4JhY3A=",
      "dev": true
    },
    "@types/uglify-js": {
      "version": "3.0.4",
      "resolved": "https://registry.npm.taobao.org/@types/uglify-js/download/@types/uglify-js-3.0.4.tgz",
      "integrity": "sha1-lr6uI99vVhhiqDC0KIpJ6GuqwII=",
      "dev": true,
      "requires": {
        "source-map": "^0.6.1"
      }
    },
    "@types/webpack": {
      "version": "4.41.0",
      "resolved": "https://registry.npm.taobao.org/@types/webpack/download/@types/webpack-4.41.0.tgz",
      "integrity": "sha1-uBOgRNiw3sffzXYi/b4ye94G65o=",
      "dev": true,
      "requires": {
        "@types/anymatch": "*",
        "@types/node": "*",
        "@types/tapable": "*",
        "@types/uglify-js": "*",
        "@types/webpack-sources": "*",
        "source-map": "^0.6.0"
      }
    },
    "@types/webpack-sources": {
      "version": "0.1.5",
      "resolved": "https://registry.npm.taobao.org/@types/webpack-sources/download/@types/webpack-sources-0.1.5.tgz",
      "integrity": "sha1-vkfBD3g9PW7+FHH/fwQmEb1GSpI=",
      "dev": true,
      "requires": {
        "@types/node": "*",
        "@types/source-list-map": "*",
        "source-map": "^0.6.1"
      }
    },
    "source-map": {
      "version": "0.6.1",
      "resolved": "https://registry.npm.taobao.org/source-map/download/source-map-0.6.1.tgz",
      "integrity": "sha1-dHIq8y6WFOnCh6jQu95IteLxomM=",
      "dev": true
    },
    "vue": {
      "version": "2.6.11",
      "resolved": "https://registry.npm.taobao.org/vue/download/vue-2.6.11.tgz",
      "integrity": "sha1-dllNh31LEiNEBuhONSdcbVFBJcU=",
      "dev": true
    }
  }
}
